
Microsoft Visual Studio Solution File, Format Version 12.00
# Visual Studio Version 17
VisualStudioVersion = 17.4.33205.214
MinimumVisualStudioVersion = 10.0.40219.1
Project("{9A19103F-16F7-4668-BE54-9A1E7A4F7556}") = "VbSourceParser", "VbSourceParser.csproj", "{2D71AB23-6FC5-409A-9C4D-2FC984E96601}"
EndProject
Global
	GlobalSection(SolutionConfigurationPlatforms) = preSolution
		Debug|Any CPU = Debug|Any CPU
		Release|Any CPU = Release|Any CPU
	EndGlobalSection
	GlobalSection(ProjectConfigurationPlatforms) = postSolution
		{2D71AB23-6FC5-409A-9C4D-2FC984E96601}.Debug|Any CPU.ActiveCfg = Debug|Any CPU
		{2D71AB23-6FC5-409A-9C4D-2FC984E96601}.Debug|Any CPU.Build.0 = Debug|Any CPU
		{2D71AB23-6FC5-409A-9C4D-2FC984E96601}.Release|Any CPU.ActiveCfg = Release|Any CPU
		{2D71AB23-6FC5-409A-9C4D-2FC984E96601}.Release|Any CPU.Build.0 = Release|Any CPU
	EndGlobalSection
	GlobalSection(SolutionProperties) = preSolution
		HideSolutionNode = FALSE
	EndGlobalSection
	GlobalSection(ExtensibilityGlobals) = postSolution
		SolutionGuid = {7880343C-280C-4094-9BE4-95FBA5FFE098}
	EndGlobalSection
EndGlobal
